// !$*UTF8*$!
{
	archiveVersion = 1;
	classes = {
	};
	objectVersion = 56;
	objects = {

/* Begin PBXBuildFile section */
		4F3819F62A0BA1320046B94D /* AppDelegate.swift in Sources */ = {isa = PBXBuildFile; fileRef = 4F3819F52A0BA1320046B94D /* AppDelegate.swift */; };
		4F3819F82A0BA1320046B94D /* SceneDelegate.swift in Sources */ = {isa = PBXBuildFile; fileRef = 4F3819F72A0BA1320046B94D /* SceneDelegate.swift */; };
		4F3819FA2A0BA1320046B94D /* IssueTrackerTabBarController.swift in Sources */ = {isa = PBXBuildFile; fileRef = 4F3819F92A0BA1320046B94D /* IssueTrackerTabBarController.swift */; };
		4F3819FD2A0BA1320046B94D /* IssueTrackerTabBar.storyboard in Resources */ = {isa = PBXBuildFile; fileRef = 4F3819FB2A0BA1320046B94D /* IssueTrackerTabBar.storyboard */; };
		4F3819FF2A0BA1350046B94D /* Assets.xcassets in Resources */ = {isa = PBXBuildFile; fileRef = 4F3819FE2A0BA1350046B94D /* Assets.xcassets */; };
		4F381A022A0BA1350046B94D /* LaunchScreen.storyboard in Resources */ = {isa = PBXBuildFile; fileRef = 4F381A002A0BA1350046B94D /* LaunchScreen.storyboard */; };
		4FD5C9772A0C91890096F53D /* .swiftlint.yml in Resources */ = {isa = PBXBuildFile; fileRef = 4FD5C9762A0C91890096F53D /* .swiftlint.yml */; };
		4FF650C32A0D6A3800A9B220 /* ColorStyle.swift in Sources */ = {isa = PBXBuildFile; fileRef = 4FF650C22A0D6A3800A9B220 /* ColorStyle.swift */; };
		4FF650C72A0D702900A9B220 /* ComponentStyle.swift in Sources */ = {isa = PBXBuildFile; fileRef = 4FF650C62A0D702900A9B220 /* ComponentStyle.swift */; };
		4FF650C92A0DDA0700A9B220 /* ImageMapper.swift in Sources */ = {isa = PBXBuildFile; fileRef = 4FF650C82A0DDA0700A9B220 /* ImageMapper.swift */; };
		4FFC81742A0D51D0008C2575 /* FontStyle.swift in Sources */ = {isa = PBXBuildFile; fileRef = 4FFC81732A0D51D0008C2575 /* FontStyle.swift */; };
/* End PBXBuildFile section */

/* Begin PBXFileReference section */
		4F3819F22A0BA1320046B94D /* IssueTracker.app */ = {isa = PBXFileReference; explicitFileType = wrapper.application; includeInIndex = 0; path = IssueTracker.app; sourceTree = BUILT_PRODUCTS_DIR; };
		4F3819F52A0BA1320046B94D /* AppDelegate.swift */ = {isa = PBXFileReference; lastKnownFileType = sourcecode.swift; path = AppDelegate.swift; sourceTree = "<group>"; };
		4F3819F72A0BA1320046B94D /* SceneDelegate.swift */ = {isa = PBXFileReference; lastKnownFileType = sourcecode.swift; path = SceneDelegate.swift; sourceTree = "<group>"; };
		4F3819F92A0BA1320046B94D /* IssueTrackerTabBarController.swift */ = {isa = PBXFileReference; lastKnownFileType = sourcecode.swift; path = IssueTrackerTabBarController.swift; sourceTree = "<group>"; };
		4F3819FC2A0BA1320046B94D /* Base */ = {isa = PBXFileReference; lastKnownFileType = file.storyboard; name = Base; path = Base.lproj/IssueTrackerTabBar.storyboard; sourceTree = "<group>"; };
		4F3819FE2A0BA1350046B94D /* Assets.xcassets */ = {isa = PBXFileReference; lastKnownFileType = folder.assetcatalog; path = Assets.xcassets; sourceTree = "<group>"; };
		4F381A012A0BA1350046B94D /* Base */ = {isa = PBXFileReference; lastKnownFileType = file.storyboard; name = Base; path = Base.lproj/LaunchScreen.storyboard; sourceTree = "<group>"; };
		4F381A032A0BA1350046B94D /* Info.plist */ = {isa = PBXFileReference; lastKnownFileType = text.plist.xml; path = Info.plist; sourceTree = "<group>"; };
		4FD5C9762A0C91890096F53D /* .swiftlint.yml */ = {isa = PBXFileReference; lastKnownFileType = text.yaml; path = .swiftlint.yml; sourceTree = "<group>"; };
		4FF650C22A0D6A3800A9B220 /* ColorStyle.swift */ = {isa = PBXFileReference; lastKnownFileType = sourcecode.swift; path = ColorStyle.swift; sourceTree = "<group>"; };
		4FF650C62A0D702900A9B220 /* ComponentStyle.swift */ = {isa = PBXFileReference; lastKnownFileType = sourcecode.swift; path = ComponentStyle.swift; sourceTree = "<group>"; };
		4FF650C82A0DDA0700A9B220 /* ImageMapper.swift */ = {isa = PBXFileReference; lastKnownFileType = sourcecode.swift; path = ImageMapper.swift; sourceTree = "<group>"; };
		4FFC81732A0D51D0008C2575 /* FontStyle.swift */ = {isa = PBXFileReference; lastKnownFileType = sourcecode.swift; path = FontStyle.swift; sourceTree = "<group>"; };
/* End PBXFileReference section */

/* Begin PBXFrameworksBuildPhase section */
		4F3819EF2A0BA1320046B94D /* Frameworks */ = {
			isa = PBXFrameworksBuildPhase;
			buildActionMask = 2147483647;
			files = (
			);
			runOnlyForDeploymentPostprocessing = 0;
		};
/* End PBXFrameworksBuildPhase section */

/* Begin PBXGroup section */
		4F3819E92A0BA1320046B94D = {
			isa = PBXGroup;
			children = (
				4FD5C9762A0C91890096F53D /* .swiftlint.yml */,
				4F3819F42A0BA1320046B94D /* IssueTracker */,
				4F3819F32A0BA1320046B94D /* Products */,
			);
			sourceTree = "<group>";
		};
		4F3819F32A0BA1320046B94D /* Products */ = {
			isa = PBXGroup;
			children = (
				4F3819F22A0BA1320046B94D /* IssueTracker.app */,
			);
			name = Products;
			sourceTree = "<group>";
		};
		4F3819F42A0BA1320046B94D /* IssueTracker */ = {
			isa = PBXGroup;
			children = (
				4FFC81702A0D51B1008C2575 /* Global */,
				4F381A0D2A0BBB740046B94D /* Resource */,
				4F381A0A2A0BBB320046B94D /* Presentation */,
				4F381A092A0BB9E80046B94D /* Application */,
			);
			path = IssueTracker;
			sourceTree = "<group>";
		};
		4F381A092A0BB9E80046B94D /* Application */ = {
			isa = PBXGroup;
			children = (
				4F3819F52A0BA1320046B94D /* AppDelegate.swift */,
				4F3819F72A0BA1320046B94D /* SceneDelegate.swift */,
			);
			path = Application;
			sourceTree = "<group>";
		};
		4F381A0A2A0BBB320046B94D /* Presentation */ = {
			isa = PBXGroup;
			children = (
				4FFC81572A0C80F5008C2575 /* Common */,
				4F381A0B2A0BBB3A0046B94D /* Launch */,
			);
			path = Presentation;
			sourceTree = "<group>";
		};
		4F381A0B2A0BBB3A0046B94D /* Launch */ = {
			isa = PBXGroup;
			children = (
				4F381A0C2A0BBB3D0046B94D /* View */,
			);
			path = Launch;
			sourceTree = "<group>";
		};
		4F381A0C2A0BBB3D0046B94D /* View */ = {
			isa = PBXGroup;
			children = (
				4F381A002A0BA1350046B94D /* LaunchScreen.storyboard */,
			);
			path = View;
			sourceTree = "<group>";
		};
		4F381A0D2A0BBB740046B94D /* Resource */ = {
			isa = PBXGroup;
			children = (
				4F381A032A0BA1350046B94D /* Info.plist */,
				4F3819FE2A0BA1350046B94D /* Assets.xcassets */,
			);
			path = Resource;
			sourceTree = "<group>";
		};
		4FFC81572A0C80F5008C2575 /* Common */ = {
			isa = PBXGroup;
			children = (
				4FFC815A2A0C816B008C2575 /* ViewController */,
				4FFC81592A0C8155008C2575 /* View */,
			);
			path = Common;
			sourceTree = "<group>";
		};
		4FFC81592A0C8155008C2575 /* View */ = {
			isa = PBXGroup;
			children = (
				4F3819FB2A0BA1320046B94D /* IssueTrackerTabBar.storyboard */,
			);
			path = View;
			sourceTree = "<group>";
		};
		4FFC815A2A0C816B008C2575 /* ViewController */ = {
			isa = PBXGroup;
			children = (
				4F3819F92A0BA1320046B94D /* IssueTrackerTabBarController.swift */,
			);
			path = ViewController;
			sourceTree = "<group>";
		};
		4FFC81702A0D51B1008C2575 /* Global */ = {
			isa = PBXGroup;
			children = (
				4FFC81712A0D51B8008C2575 /* Literal */,
			);
			path = Global;
			sourceTree = "<group>";
		};
		4FFC81712A0D51B8008C2575 /* Literal */ = {
			isa = PBXGroup;
			children = (
				4FFC81732A0D51D0008C2575 /* FontStyle.swift */,
				4FF650C62A0D702900A9B220 /* ComponentStyle.swift */,
				4FF650C82A0DDA0700A9B220 /* ImageMapper.swift */,
				4FF650C22A0D6A3800A9B220 /* ColorStyle.swift */,
			);
			path = Literal;
			sourceTree = "<group>";
		};
/* End PBXGroup section */

/* Begin PBXNativeTarget section */
		4F3819F12A0BA1320046B94D /* IssueTracker */ = {
			isa = PBXNativeTarget;
			buildConfigurationList = 4F381A062A0BA1350046B94D /* Build configuration list for PBXNativeTarget "IssueTracker" */;
			buildPhases = (
				4FD5C9732A0C8FD60096F53D /* SwiftLint Script */,
				4F3819EE2A0BA1320046B94D /* Sources */,
				4F3819EF2A0BA1320046B94D /* Frameworks */,
				4F3819F02A0BA1320046B94D /* Resources */,
			);
			buildRules = (
			);
			dependencies = (
			);
			name = IssueTracker;
			packageProductDependencies = (
			);
			productName = IssueTracker;
			productReference = 4F3819F22A0BA1320046B94D /* IssueTracker.app */;
			productType = "com.apple.product-type.application";
		};
/* End PBXNativeTarget section */

/* Begin PBXProject section */
		4F3819EA2A0BA1320046B94D /* Project object */ = {
			isa = PBXProject;
			attributes = {
				BuildIndependentTargetsInParallel = 1;
				LastSwiftUpdateCheck = 1420;
				LastUpgradeCheck = 1420;
				TargetAttributes = {
					4F3819F12A0BA1320046B94D = {
						CreatedOnToolsVersion = 14.2;
					};
				};
			};
			buildConfigurationList = 4F3819ED2A0BA1320046B94D /* Build configuration list for PBXProject "IssueTracker" */;
			compatibilityVersion = "Xcode 14.0";
			developmentRegion = en;
			hasScannedForEncodings = 0;
			knownRegions = (
				en,
				Base,
			);
			mainGroup = 4F3819E92A0BA1320046B94D;
			packageReferences = (
			);
			productRefGroup = 4F3819F32A0BA1320046B94D /* Products */;
			projectDirPath = "";
			projectRoot = "";
			targets = (
				4F3819F12A0BA1320046B94D /* IssueTracker */,
			);
		};
/* End PBXProject section */

/* Begin PBXResourcesBuildPhase section */
		4F3819F02A0BA1320046B94D /* Resources */ = {
			isa = PBXResourcesBuildPhase;
			buildActionMask = 2147483647;
			files = (
				4FD5C9772A0C91890096F53D /* .swiftlint.yml in Resources */,
				4F381A022A0BA1350046B94D /* LaunchScreen.storyboard in Resources */,
				4F3819FF2A0BA1350046B94D /* Assets.xcassets in Resources */,
				4F3819FD2A0BA1320046B94D /* IssueTrackerTabBar.storyboard in Resources */,
			);
			runOnlyForDeploymentPostprocessing = 0;
		};
/* End PBXResourcesBuildPhase section */

/* Begin PBXShellScriptBuildPhase section */
		4FD5C9732A0C8FD60096F53D /* SwiftLint Script */ = {
			isa = PBXShellScriptBuildPhase;
			alwaysOutOfDate = 1;
			buildActionMask = 2147483647;
			files = (
			);
			inputFileListPaths = (
			);
			inputPaths = (
			);
			name = "SwiftLint Script";
			outputFileListPaths = (
			);
			outputPaths = (
			);
			runOnlyForDeploymentPostprocessing = 0;
			shellPath = /bin/sh;
			shellScript = "if test -d \"/opt/homebrew/bin/\"; then\n  PATH=\"/opt/homebrew/bin/:${PATH}\"\nfi\n\nexport PATH\n\nif which swiftlint >/dev/null; then\n  swiftlint\nelse\n  echo \"warning: SwiftLint not installed, download from https://github.com/realm/SwiftLint\"\nfi\n";
		};
/* End PBXShellScriptBuildPhase section */

/* Begin PBXSourcesBuildPhase section */
		4F3819EE2A0BA1320046B94D /* Sources */ = {
			isa = PBXSourcesBuildPhase;
			buildActionMask = 2147483647;
			files = (
				4FF650C92A0DDA0700A9B220 /* ImageMapper.swift in Sources */,
				4F3819FA2A0BA1320046B94D /* IssueTrackerTabBarController.swift in Sources */,
				4F3819F62A0BA1320046B94D /* AppDelegate.swift in Sources */,
				4FF650C72A0D702900A9B220 /* ComponentStyle.swift in Sources */,
				4FFC81742A0D51D0008C2575 /* FontStyle.swift in Sources */,
				4F3819F82A0BA1320046B94D /* SceneDelegate.swift in Sources */,
				4FF650C32A0D6A3800A9B220 /* ColorStyle.swift in Sources */,
			);
			runOnlyForDeploymentPostprocessing = 0;
		};
/* End PBXSourcesBuildPhase section */

/* Begin PBXVariantGroup section */
		4F3819FB2A0BA1320046B94D /* IssueTrackerTabBar.storyboard */ = {
			isa = PBXVariantGroup;
			children = (
				4F3819FC2A0BA1320046B94D /* Base */,
			);
			name = IssueTrackerTabBar.storyboard;
			sourceTree = "<group>";
		};
		4F381A002A0BA1350046B94D /* LaunchScreen.storyboard */ = {
			isa = PBXVariantGroup;
			children = (
				4F381A012A0BA1350046B94D /* Base */,
			);
			name = LaunchScreen.storyboard;
			sourceTree = "<group>";
		};
/* End PBXVariantGroup section */

/* Begin XCBuildConfiguration section */
		4F381A042A0BA1350046B94D /* Debug */ = {
			isa = XCBuildConfiguration;
			buildSettings = {
				ALWAYS_SEARCH_USER_PATHS = NO;
				CLANG_ANALYZER_NONNULL = YES;
				CLANG_ANALYZER_NUMBER_OBJECT_CONVERSION = YES_AGGRESSIVE;
				CLANG_CXX_LANGUAGE_STANDARD = "gnu++20";
				CLANG_ENABLE_MODULES = YES;
				CLANG_ENABLE_OBJC_ARC = YES;
				CLANG_ENABLE_OBJC_WEAK = YES;
				CLANG_WARN_BLOCK_CAPTURE_AUTORELEASING = YES;
				CLANG_WARN_BOOL_CONVERSION = YES;
				CLANG_WARN_COMMA = YES;
				CLANG_WARN_CONSTANT_CONVERSION = YES;
				CLANG_WARN_DEPRECATED_OBJC_IMPLEMENTATIONS = YES;
				CLANG_WARN_DIRECT_OBJC_ISA_USAGE = YES_ERROR;
				CLANG_WARN_DOCUMENTATION_COMMENTS = YES;
				CLANG_WARN_EMPTY_BODY = YES;
				CLANG_WARN_ENUM_CONVERSION = YES;
				CLANG_WARN_INFINITE_RECURSION = YES;
				CLANG_WARN_INT_CONVERSION = YES;
				CLANG_WARN_NON_LITERAL_NULL_CONVERSION = YES;
				CLANG_WARN_OBJC_IMPLICIT_RETAIN_SELF = YES;
				CLANG_WARN_OBJC_LITERAL_CONVERSION = YES;
				CLANG_WARN_OBJC_ROOT_CLASS = YES_ERROR;
				CLANG_WARN_QUOTED_INCLUDE_IN_FRAMEWORK_HEADER = YES;
				CLANG_WARN_RANGE_LOOP_ANALYSIS = YES;
				CLANG_WARN_STRICT_PROTOTYPES = YES;
				CLANG_WARN_SUSPICIOUS_MOVE = YES;
				CLANG_WARN_UNGUARDED_AVAILABILITY = YES_AGGRESSIVE;
				CLANG_WARN_UNREACHABLE_CODE = YES;
				CLANG_WARN__DUPLICATE_METHOD_MATCH = YES;
				COPY_PHASE_STRIP = NO;
				DEBUG_INFORMATION_FORMAT = dwarf;
				ENABLE_STRICT_OBJC_MSGSEND = YES;
				ENABLE_TESTABILITY = YES;
				GCC_C_LANGUAGE_STANDARD = gnu11;
				GCC_DYNAMIC_NO_PIC = NO;
				GCC_NO_COMMON_BLOCKS = YES;
				GCC_OPTIMIZATION_LEVEL = 0;
				GCC_PREPROCESSOR_DEFINITIONS = (
					"DEBUG=1",
					"$(inherited)",
				);
				GCC_WARN_64_TO_32_BIT_CONVERSION = YES;
				GCC_WARN_ABOUT_RETURN_TYPE = YES_ERROR;
				GCC_WARN_UNDECLARED_SELECTOR = YES;
				GCC_WARN_UNINITIALIZED_AUTOS = YES_AGGRESSIVE;
				GCC_WARN_UNUSED_FUNCTION = YES;
				GCC_WARN_UNUSED_VARIABLE = YES;
				IPHONEOS_DEPLOYMENT_TARGET = 16.2;
				MTL_ENABLE_DEBUG_INFO = INCLUDE_SOURCE;
				MTL_FAST_MATH = YES;
				ONLY_ACTIVE_ARCH = YES;
				SDKROOT = iphoneos;
				SWIFT_ACTIVE_COMPILATION_CONDITIONS = DEBUG;
				SWIFT_OPTIMIZATION_LEVEL = "-Onone";
			};
			name = Debug;
		};
		4F381A052A0BA1350046B94D /* Release */ = {
			isa = XCBuildConfiguration;
			buildSettings = {
				ALWAYS_SEARCH_USER_PATHS = NO;
				CLANG_ANALYZER_NONNULL = YES;
				CLANG_ANALYZER_NUMBER_OBJECT_CONVERSION = YES_AGGRESSIVE;
				CLANG_CXX_LANGUAGE_STANDARD = "gnu++20";
				CLANG_ENABLE_MODULES = YES;
				CLANG_ENABLE_OBJC_ARC = YES;
				CLANG_ENABLE_OBJC_WEAK = YES;
				CLANG_WARN_BLOCK_CAPTURE_AUTORELEASING = YES;
				CLANG_WARN_BOOL_CONVERSION = YES;
				CLANG_WARN_COMMA = YES;
				CLANG_WARN_CONSTANT_CONVERSION = YES;
				CLANG_WARN_DEPRECATED_OBJC_IMPLEMENTATIONS = YES;
				CLANG_WARN_DIRECT_OBJC_ISA_USAGE = YES_ERROR;
				CLANG_WARN_DOCUMENTATION_COMMENTS = YES;
				CLANG_WARN_EMPTY_BODY = YES;
				CLANG_WARN_ENUM_CONVERSION = YES;
				CLANG_WARN_INFINITE_RECURSION = YES;
				CLANG_WARN_INT_CONVERSION = YES;
				CLANG_WARN_NON_LITERAL_NULL_CONVERSION = YES;
				CLANG_WARN_OBJC_IMPLICIT_RETAIN_SELF = YES;
				CLANG_WARN_OBJC_LITERAL_CONVERSION = YES;
				CLANG_WARN_OBJC_ROOT_CLASS = YES_ERROR;
				CLANG_WARN_QUOTED_INCLUDE_IN_FRAMEWORK_HEADER = YES;
				CLANG_WARN_RANGE_LOOP_ANALYSIS = YES;
				CLANG_WARN_STRICT_PROTOTYPES = YES;
				CLANG_WARN_SUSPICIOUS_MOVE = YES;
				CLANG_WARN_UNGUARDED_AVAILABILITY = YES_AGGRESSIVE;
				CLANG_WARN_UNREACHABLE_CODE = YES;
				CLANG_WARN__DUPLICATE_METHOD_MATCH = YES;
				COPY_PHASE_STRIP = NO;
				DEBUG_INFORMATION_FORMAT = "dwarf-with-dsym";
				ENABLE_NS_ASSERTIONS = NO;
				ENABLE_STRICT_OBJC_MSGSEND = YES;
				GCC_C_LANGUAGE_STANDARD = gnu11;
				GCC_NO_COMMON_BLOCKS = YES;
				GCC_WARN_64_TO_32_BIT_CONVERSION = YES;
				GCC_WARN_ABOUT_RETURN_TYPE = YES_ERROR;
				GCC_WARN_UNDECLARED_SELECTOR = YES;
				GCC_WARN_UNINITIALIZED_AUTOS = YES_AGGRESSIVE;
				GCC_WARN_UNUSED_FUNCTION = YES;
				GCC_WARN_UNUSED_VARIABLE = YES;
				IPHONEOS_DEPLOYMENT_TARGET = 16.2;
				MTL_ENABLE_DEBUG_INFO = NO;
				MTL_FAST_MATH = YES;
				SDKROOT = iphoneos;
				SWIFT_COMPILATION_MODE = wholemodule;
				SWIFT_OPTIMIZATION_LEVEL = "-O";
				VALIDATE_PRODUCT = YES;
			};
			name = Release;
		};
		4F381A072A0BA1350046B94D /* Debug */ = {
			isa = XCBuildConfiguration;
			buildSettings = {
				ASSETCATALOG_COMPILER_APPICON_NAME = AppIcon;
				ASSETCATALOG_COMPILER_GLOBAL_ACCENT_COLOR_NAME = AccentColor;
				CODE_SIGN_STYLE = Automatic;
				CURRENT_PROJECT_VERSION = 1;
				DEVELOPMENT_TEAM = B3PWYBKFUK;
				GENERATE_INFOPLIST_FILE = YES;
				INFOPLIST_FILE = IssueTracker/Resource/Info.plist;
				INFOPLIST_KEY_UIApplicationSupportsIndirectInputEvents = YES;
				INFOPLIST_KEY_UILaunchStoryboardName = LaunchScreen;
				INFOPLIST_KEY_UISupportedInterfaceOrientations_iPad = "UIInterfaceOrientationPortrait UIInterfaceOrientationPortraitUpsideDown UIInterfaceOrientationLandscapeLeft UIInterfaceOrientationLandscapeRight";
				INFOPLIST_KEY_UISupportedInterfaceOrientations_iPhone = "UIInterfaceOrientationPortrait UIInterfaceOrientationLandscapeLeft UIInterfaceOrientationLandscapeRight";
				LD_RUNPATH_SEARCH_PATHS = (
					"$(inherited)",
					"@executable_path/Frameworks",
				);
				MARKETING_VERSION = 1.0;
				PRODUCT_BUNDLE_IDENTIFIER = "kr.codesquad.2023-team04.IssueTracker";
				PRODUCT_NAME = "$(TARGET_NAME)";
				SWIFT_EMIT_LOC_STRINGS = YES;
				SWIFT_VERSION = 5.0;
				TARGETED_DEVICE_FAMILY = "1,2";
			};
			name = Debug;
		};
		4F381A082A0BA1350046B94D /* Release */ = {
			isa = XCBuildConfiguration;
			buildSettings = {
				ASSETCATALOG_COMPILER_APPICON_NAME = AppIcon;
				ASSETCATALOG_COMPILER_GLOBAL_ACCENT_COLOR_NAME = AccentColor;
				CODE_SIGN_STYLE = Automatic;
				CURRENT_PROJECT_VERSION = 1;
				DEVELOPMENT_TEAM = B3PWYBKFUK;
				GENERATE_INFOPLIST_FILE = YES;
				INFOPLIST_FILE = IssueTracker/Resource/Info.plist;
				INFOPLIST_KEY_UIApplicationSupportsIndirectInputEvents = YES;
				INFOPLIST_KEY_UILaunchStoryboardName = LaunchScreen;
				INFOPLIST_KEY_UISupportedInterfaceOrientations_iPad = "UIInterfaceOrientationPortrait UIInterfaceOrientationPortraitUpsideDown UIInterfaceOrientationLandscapeLeft UIInterfaceOrientationLandscapeRight";
				INFOPLIST_KEY_UISupportedInterfaceOrientations_iPhone = "UIInterfaceOrientationPortrait UIInterfaceOrientationLandscapeLeft UIInterfaceOrientationLandscapeRight";
				LD_RUNPATH_SEARCH_PATHS = (
					"$(inherited)",
					"@executable_path/Frameworks",
				);
				MARKETING_VERSION = 1.0;
				PRODUCT_BUNDLE_IDENTIFIER = "kr.codesquad.2023-team04.IssueTracker";
				PRODUCT_NAME = "$(TARGET_NAME)";
				SWIFT_EMIT_LOC_STRINGS = YES;
				SWIFT_VERSION = 5.0;
				TARGETED_DEVICE_FAMILY = "1,2";
			};
			name = Release;
		};
/* End XCBuildConfiguration section */

/* Begin XCConfigurationList section */
		4F3819ED2A0BA1320046B94D /* Build configuration list for PBXProject "IssueTracker" */ = {
			isa = XCConfigurationList;
			buildConfigurations = (
				4F381A042A0BA1350046B94D /* Debug */,
				4F381A052A0BA1350046B94D /* Release */,
			);
			defaultConfigurationIsVisible = 0;
			defaultConfigurationName = Release;
		};
		4F381A062A0BA1350046B94D /* Build configuration list for PBXNativeTarget "IssueTracker" */ = {
			isa = XCConfigurationList;
			buildConfigurations = (
				4F381A072A0BA1350046B94D /* Debug */,
				4F381A082A0BA1350046B94D /* Release */,
			);
			defaultConfigurationIsVisible = 0;
			defaultConfigurationName = Release;
		};
/* End XCConfigurationList section */
	};
	rootObject = 4F3819EA2A0BA1320046B94D /* Project object */;
}
