// !$*UTF8*$!
{
	archiveVersion = 1;
	classes = {
	};
	objectVersion = 56;
	objects = {

/* Begin PBXBuildFile section */
		4F021B2B2A174EB300595114 /* IssueListView.swift in Sources */ = {isa = PBXBuildFile; fileRef = 4F021B2A2A174EB300595114 /* IssueListView.swift */; };
		4F021B352A17544B00595114 /* Issue.swift in Sources */ = {isa = PBXBuildFile; fileRef = 4F021B342A17544B00595114 /* Issue.swift */; };
		4F021B392A1754F700595114 /* User.swift in Sources */ = {isa = PBXBuildFile; fileRef = 4F021B382A1754F700595114 /* User.swift */; };
		4F3819F62A0BA1320046B94D /* AppDelegate.swift in Sources */ = {isa = PBXBuildFile; fileRef = 4F3819F52A0BA1320046B94D /* AppDelegate.swift */; };
		4F3819FA2A0BA1320046B94D /* IssueTrackerTabBarController.swift in Sources */ = {isa = PBXBuildFile; fileRef = 4F3819F92A0BA1320046B94D /* IssueTrackerTabBarController.swift */; };
		4F3819FF2A0BA1350046B94D /* Assets.xcassets in Resources */ = {isa = PBXBuildFile; fileRef = 4F3819FE2A0BA1350046B94D /* Assets.xcassets */; };
		4F381A022A0BA1350046B94D /* LaunchScreen.storyboard in Resources */ = {isa = PBXBuildFile; fileRef = 4F381A002A0BA1350046B94D /* LaunchScreen.storyboard */; };
		4F46D23A2A1671590003AEDD /* IssueListCollectionViewCell.swift in Sources */ = {isa = PBXBuildFile; fileRef = 4F46D2382A1671590003AEDD /* IssueListCollectionViewCell.swift */; };
		4F46D23B2A1671590003AEDD /* IssueListCollectionViewCell.xib in Resources */ = {isa = PBXBuildFile; fileRef = 4F46D2392A1671590003AEDD /* IssueListCollectionViewCell.xib */; };
		4F46D23E2A16716C0003AEDD /* IssueHeaderCollectionViewCell.swift in Sources */ = {isa = PBXBuildFile; fileRef = 4F46D23C2A16716C0003AEDD /* IssueHeaderCollectionViewCell.swift */; };
		4F46D23F2A16716C0003AEDD /* IssueHeaderCollectionViewCell.xib in Resources */ = {isa = PBXBuildFile; fileRef = 4F46D23D2A16716C0003AEDD /* IssueHeaderCollectionViewCell.xib */; };
		4F46D2422A16717A0003AEDD /* IssueCommentCollectionViewCell.swift in Sources */ = {isa = PBXBuildFile; fileRef = 4F46D2402A16717A0003AEDD /* IssueCommentCollectionViewCell.swift */; };
		4F46D2432A16717A0003AEDD /* IssueCommentCollectionViewCell.xib in Resources */ = {isa = PBXBuildFile; fileRef = 4F46D2412A16717A0003AEDD /* IssueCommentCollectionViewCell.xib */; };
		4F46D2462A16719A0003AEDD /* LabelCollectionViewCell.swift in Sources */ = {isa = PBXBuildFile; fileRef = 4F46D2442A16719A0003AEDD /* LabelCollectionViewCell.swift */; };
		4F46D2472A16719A0003AEDD /* LabelCollectionViewCell.xib in Resources */ = {isa = PBXBuildFile; fileRef = 4F46D2452A16719A0003AEDD /* LabelCollectionViewCell.xib */; };
		4F46D24A2A1671BA0003AEDD /* MilestoneCollectionViewCell.swift in Sources */ = {isa = PBXBuildFile; fileRef = 4F46D2482A1671BA0003AEDD /* MilestoneCollectionViewCell.swift */; };
		4F46D24B2A1671BA0003AEDD /* MilestoneCollectionViewCell.xib in Resources */ = {isa = PBXBuildFile; fileRef = 4F46D2492A1671BA0003AEDD /* MilestoneCollectionViewCell.xib */; };
		4F99BDBF2A17ECB6008AE8D1 /* UICollectionReusableView+Extension.swift in Sources */ = {isa = PBXBuildFile; fileRef = 4F99BDBE2A17ECB6008AE8D1 /* UICollectionReusableView+Extension.swift */; };
		4FC1714E2A1C5BD40090D4B0 /* NibFactory.swift in Sources */ = {isa = PBXBuildFile; fileRef = 4FC1714D2A1C5BD40090D4B0 /* NibFactory.swift */; };
		4FC171532A1DBC210090D4B0 /* IssueListViewModel.swift in Sources */ = {isa = PBXBuildFile; fileRef = 4FC171522A1DBC210090D4B0 /* IssueListViewModel.swift */; };
		4FC171562A1DBDC80090D4B0 /* IssueListViewModelable.swift in Sources */ = {isa = PBXBuildFile; fileRef = 4FC171552A1DBDC80090D4B0 /* IssueListViewModelable.swift */; };
		4FC171582A1DCA640090D4B0 /* LoadingStatus.swift in Sources */ = {isa = PBXBuildFile; fileRef = 4FC171572A1DCA640090D4B0 /* LoadingStatus.swift */; };
		4FC1715B2A1DCF870090D4B0 /* IssueListUseCaseType.swift in Sources */ = {isa = PBXBuildFile; fileRef = 4FC1715A2A1DCF870090D4B0 /* IssueListUseCaseType.swift */; };
		4FC1715F2A1DDBBA0090D4B0 /* IssueCollection.swift in Sources */ = {isa = PBXBuildFile; fileRef = 4FC1715E2A1DDBBA0090D4B0 /* IssueCollection.swift */; };
		4FC1716B2A1DDF1B0090D4B0 /* Milestone.swift in Sources */ = {isa = PBXBuildFile; fileRef = 4FC1716A2A1DDF1B0090D4B0 /* Milestone.swift */; };
		4FC1717F2A1DE5780090D4B0 /* IssueListViewModelTest.swift in Sources */ = {isa = PBXBuildFile; fileRef = 4FC1717E2A1DE5780090D4B0 /* IssueListViewModelTest.swift */; };
		4FC171802A1DE5BE0090D4B0 /* IssueListViewModel.swift in Sources */ = {isa = PBXBuildFile; fileRef = 4FC171522A1DBC210090D4B0 /* IssueListViewModel.swift */; };
		4FC171822A1DE62C0090D4B0 /* MockIssueListUseCase.swift in Sources */ = {isa = PBXBuildFile; fileRef = 4FC171812A1DE62C0090D4B0 /* MockIssueListUseCase.swift */; };
		4FC171832A1DE6540090D4B0 /* IssueListUseCaseType.swift in Sources */ = {isa = PBXBuildFile; fileRef = 4FC1715A2A1DCF870090D4B0 /* IssueListUseCaseType.swift */; };
		4FC171842A1DE6620090D4B0 /* IssueCollection.swift in Sources */ = {isa = PBXBuildFile; fileRef = 4FC1715E2A1DDBBA0090D4B0 /* IssueCollection.swift */; };
		4FC171852A1DE66C0090D4B0 /* Issue.swift in Sources */ = {isa = PBXBuildFile; fileRef = 4F021B342A17544B00595114 /* Issue.swift */; };
		4FC171862A1DE6750090D4B0 /* Milestone.swift in Sources */ = {isa = PBXBuildFile; fileRef = 4FC1716A2A1DDF1B0090D4B0 /* Milestone.swift */; };
		4FC171872A1DE67A0090D4B0 /* User.swift in Sources */ = {isa = PBXBuildFile; fileRef = 4F021B382A1754F700595114 /* User.swift */; };
		4FC171882A1DF22E0090D4B0 /* IssueListViewModelable.swift in Sources */ = {isa = PBXBuildFile; fileRef = 4FC171552A1DBDC80090D4B0 /* IssueListViewModelable.swift */; };
		4FC171892A1DFABF0090D4B0 /* LoadingStatus.swift in Sources */ = {isa = PBXBuildFile; fileRef = 4FC171572A1DCA640090D4B0 /* LoadingStatus.swift */; };
		4FC1718F2A1F284E0090D4B0 /* CompositionRoot.swift in Sources */ = {isa = PBXBuildFile; fileRef = 4FC1718E2A1F284E0090D4B0 /* CompositionRoot.swift */; };
		4FC171942A1F2A2D0090D4B0 /* ViewControllerMakable.swift in Sources */ = {isa = PBXBuildFile; fileRef = 4FC171932A1F2A2D0090D4B0 /* ViewControllerMakable.swift */; };
		4FC171982A1F2ECA0090D4B0 /* IssueListViewControllerFactory.swift in Sources */ = {isa = PBXBuildFile; fileRef = 4FC171972A1F2ECA0090D4B0 /* IssueListViewControllerFactory.swift */; };
		4FC171992A1F2F160090D4B0 /* MockIssueListUseCase.swift in Sources */ = {isa = PBXBuildFile; fileRef = 4FC171812A1DE62C0090D4B0 /* MockIssueListUseCase.swift */; };
		4FC1719B2A1F2F9A0090D4B0 /* StoryBoardLiteral.swift in Sources */ = {isa = PBXBuildFile; fileRef = 4FC1719A2A1F2F9A0090D4B0 /* StoryBoardLiteral.swift */; };
		4FC1719D2A1F51870090D4B0 /* StringLiteral.swift in Sources */ = {isa = PBXBuildFile; fileRef = 4FC1719C2A1F51870090D4B0 /* StringLiteral.swift */; };
		4FC5A20C2A1B68430001393B /* LabelTag.swift in Sources */ = {isa = PBXBuildFile; fileRef = 4FC5A20B2A1B68430001393B /* LabelTag.swift */; };
		4FC5A2102A1DA3410001393B /* Rgb.swift in Sources */ = {isa = PBXBuildFile; fileRef = 4FC5A20F2A1DA3410001393B /* Rgb.swift */; };
		4FC5A2122A1DA4FC0001393B /* HexConverter.swift in Sources */ = {isa = PBXBuildFile; fileRef = 4FC5A2112A1DA4FC0001393B /* HexConverter.swift */; };
		4FD5C9772A0C91890096F53D /* .swiftlint.yml in Resources */ = {isa = PBXBuildFile; fileRef = 4FD5C9762A0C91890096F53D /* .swiftlint.yml */; };
		4FDA41CF2A16837B00340387 /* IssueListViewController.swift in Sources */ = {isa = PBXBuildFile; fileRef = 4FDA41CE2A16837B00340387 /* IssueListViewController.swift */; };
		4FDA41D12A16850500340387 /* Issue.storyboard in Resources */ = {isa = PBXBuildFile; fileRef = 4FDA41D02A16850500340387 /* Issue.storyboard */; };
		4FDCA38D2A20552A00AF282A /* main.swift in Sources */ = {isa = PBXBuildFile; fileRef = 4FDCA38C2A20552A00AF282A /* main.swift */; };
		4FDCA3912A20559400AF282A /* AppDelegateTestDouble.swift in Sources */ = {isa = PBXBuildFile; fileRef = 4FDCA3902A20559400AF282A /* AppDelegateTestDouble.swift */; };
		4FDCA3932A2055FB00AF282A /* AppDelegateTests.swift in Sources */ = {isa = PBXBuildFile; fileRef = 4FDCA3922A2055FB00AF282A /* AppDelegateTests.swift */; };
		4FDCA3942A20580500AF282A /* AppDelegate.swift in Sources */ = {isa = PBXBuildFile; fileRef = 4F3819F52A0BA1320046B94D /* AppDelegate.swift */; };
		4FDCA3962A20584100AF282A /* AppDependency.swift in Sources */ = {isa = PBXBuildFile; fileRef = 4FDCA3952A20584100AF282A /* AppDependency.swift */; };
		4FDCA3972A20584E00AF282A /* AppDependency.swift in Sources */ = {isa = PBXBuildFile; fileRef = 4FDCA3952A20584100AF282A /* AppDependency.swift */; };
		4FDCA3982A205A2900AF282A /* CompositionRoot.swift in Sources */ = {isa = PBXBuildFile; fileRef = 4FC1718E2A1F284E0090D4B0 /* CompositionRoot.swift */; };
		4FDCA3992A205A4800AF282A /* IssueTrackerTabBarController.swift in Sources */ = {isa = PBXBuildFile; fileRef = 4F3819F92A0BA1320046B94D /* IssueTrackerTabBarController.swift */; };
		4FDCA39A2A205A5200AF282A /* IssueListViewControllerFactory.swift in Sources */ = {isa = PBXBuildFile; fileRef = 4FC171972A1F2ECA0090D4B0 /* IssueListViewControllerFactory.swift */; };
		4FDCA39B2A205A6E00AF282A /* ViewControllerMakable.swift in Sources */ = {isa = PBXBuildFile; fileRef = 4FC171932A1F2A2D0090D4B0 /* ViewControllerMakable.swift */; };
		4FDCA39C2A205A7300AF282A /* StoryBoardLiteral.swift in Sources */ = {isa = PBXBuildFile; fileRef = 4FC1719A2A1F2F9A0090D4B0 /* StoryBoardLiteral.swift */; };
		4FDCA39D2A205A7B00AF282A /* ImageMapper.swift in Sources */ = {isa = PBXBuildFile; fileRef = 4FF650C82A0DDA0700A9B220 /* ImageMapper.swift */; };
		4FDCA39E2A205A8700AF282A /* ColorStyle.swift in Sources */ = {isa = PBXBuildFile; fileRef = 4FF650C22A0D6A3800A9B220 /* ColorStyle.swift */; };
		4FDCA39F2A205AA300AF282A /* StringLiteral.swift in Sources */ = {isa = PBXBuildFile; fileRef = 4FC1719C2A1F51870090D4B0 /* StringLiteral.swift */; };
		4FDCA3A02A205AAC00AF282A /* IssueListViewController.swift in Sources */ = {isa = PBXBuildFile; fileRef = 4FDA41CE2A16837B00340387 /* IssueListViewController.swift */; };
		4FDCA3A12A205AB600AF282A /* IssueListView.swift in Sources */ = {isa = PBXBuildFile; fileRef = 4F021B2A2A174EB300595114 /* IssueListView.swift */; };
		4FDCA3A22A205AC000AF282A /* NibFactory.swift in Sources */ = {isa = PBXBuildFile; fileRef = 4FC1714D2A1C5BD40090D4B0 /* NibFactory.swift */; };
		4FDCA3A32A205ACB00AF282A /* IssueListCollectionViewCell.swift in Sources */ = {isa = PBXBuildFile; fileRef = 4F46D2382A1671590003AEDD /* IssueListCollectionViewCell.swift */; };
		4FDCA3A42A205AD500AF282A /* UICollectionReusableView+Extension.swift in Sources */ = {isa = PBXBuildFile; fileRef = 4F99BDBE2A17ECB6008AE8D1 /* UICollectionReusableView+Extension.swift */; };
		4FDCA3A52A205AE100AF282A /* FontStyle.swift in Sources */ = {isa = PBXBuildFile; fileRef = 4FFC81732A0D51D0008C2575 /* FontStyle.swift */; };
		4FF650C32A0D6A3800A9B220 /* ColorStyle.swift in Sources */ = {isa = PBXBuildFile; fileRef = 4FF650C22A0D6A3800A9B220 /* ColorStyle.swift */; };
		4FF650C72A0D702900A9B220 /* ComponentStyle.swift in Sources */ = {isa = PBXBuildFile; fileRef = 4FF650C62A0D702900A9B220 /* ComponentStyle.swift */; };
		4FF650C92A0DDA0700A9B220 /* ImageMapper.swift in Sources */ = {isa = PBXBuildFile; fileRef = 4FF650C82A0DDA0700A9B220 /* ImageMapper.swift */; };
		4FFC81742A0D51D0008C2575 /* FontStyle.swift in Sources */ = {isa = PBXBuildFile; fileRef = 4FFC81732A0D51D0008C2575 /* FontStyle.swift */; };
/* End PBXBuildFile section */

/* Begin PBXContainerItemProxy section */
		4FC171742A1DE4C00090D4B0 /* PBXContainerItemProxy */ = {
			isa = PBXContainerItemProxy;
			containerPortal = 4F3819EA2A0BA1320046B94D /* Project object */;
			proxyType = 1;
			remoteGlobalIDString = 4F3819F12A0BA1320046B94D;
			remoteInfo = IssueTracker;
		};
/* End PBXContainerItemProxy section */

/* Begin PBXFileReference section */
		4F021B2A2A174EB300595114 /* IssueListView.swift */ = {isa = PBXFileReference; lastKnownFileType = sourcecode.swift; path = IssueListView.swift; sourceTree = "<group>"; };
		4F021B342A17544B00595114 /* Issue.swift */ = {isa = PBXFileReference; lastKnownFileType = sourcecode.swift; path = Issue.swift; sourceTree = "<group>"; };
		4F021B382A1754F700595114 /* User.swift */ = {isa = PBXFileReference; lastKnownFileType = sourcecode.swift; path = User.swift; sourceTree = "<group>"; };
		4F3819F22A0BA1320046B94D /* IssueTracker.app */ = {isa = PBXFileReference; explicitFileType = wrapper.application; includeInIndex = 0; path = IssueTracker.app; sourceTree = BUILT_PRODUCTS_DIR; };
		4F3819F52A0BA1320046B94D /* AppDelegate.swift */ = {isa = PBXFileReference; lastKnownFileType = sourcecode.swift; path = AppDelegate.swift; sourceTree = "<group>"; };
		4F3819F92A0BA1320046B94D /* IssueTrackerTabBarController.swift */ = {isa = PBXFileReference; lastKnownFileType = sourcecode.swift; path = IssueTrackerTabBarController.swift; sourceTree = "<group>"; };
		4F3819FE2A0BA1350046B94D /* Assets.xcassets */ = {isa = PBXFileReference; lastKnownFileType = folder.assetcatalog; path = Assets.xcassets; sourceTree = "<group>"; };
		4F381A012A0BA1350046B94D /* Base */ = {isa = PBXFileReference; lastKnownFileType = file.storyboard; name = Base; path = Base.lproj/LaunchScreen.storyboard; sourceTree = "<group>"; };
		4F381A032A0BA1350046B94D /* Info.plist */ = {isa = PBXFileReference; lastKnownFileType = text.plist.xml; path = Info.plist; sourceTree = "<group>"; };
		4F46D2382A1671590003AEDD /* IssueListCollectionViewCell.swift */ = {isa = PBXFileReference; lastKnownFileType = sourcecode.swift; path = IssueListCollectionViewCell.swift; sourceTree = "<group>"; };
		4F46D2392A1671590003AEDD /* IssueListCollectionViewCell.xib */ = {isa = PBXFileReference; lastKnownFileType = file.xib; path = IssueListCollectionViewCell.xib; sourceTree = "<group>"; };
		4F46D23C2A16716C0003AEDD /* IssueHeaderCollectionViewCell.swift */ = {isa = PBXFileReference; lastKnownFileType = sourcecode.swift; path = IssueHeaderCollectionViewCell.swift; sourceTree = "<group>"; };
		4F46D23D2A16716C0003AEDD /* IssueHeaderCollectionViewCell.xib */ = {isa = PBXFileReference; lastKnownFileType = file.xib; path = IssueHeaderCollectionViewCell.xib; sourceTree = "<group>"; };
		4F46D2402A16717A0003AEDD /* IssueCommentCollectionViewCell.swift */ = {isa = PBXFileReference; lastKnownFileType = sourcecode.swift; path = IssueCommentCollectionViewCell.swift; sourceTree = "<group>"; };
		4F46D2412A16717A0003AEDD /* IssueCommentCollectionViewCell.xib */ = {isa = PBXFileReference; lastKnownFileType = file.xib; path = IssueCommentCollectionViewCell.xib; sourceTree = "<group>"; };
		4F46D2442A16719A0003AEDD /* LabelCollectionViewCell.swift */ = {isa = PBXFileReference; lastKnownFileType = sourcecode.swift; path = LabelCollectionViewCell.swift; sourceTree = "<group>"; };
		4F46D2452A16719A0003AEDD /* LabelCollectionViewCell.xib */ = {isa = PBXFileReference; lastKnownFileType = file.xib; path = LabelCollectionViewCell.xib; sourceTree = "<group>"; };
		4F46D2482A1671BA0003AEDD /* MilestoneCollectionViewCell.swift */ = {isa = PBXFileReference; lastKnownFileType = sourcecode.swift; path = MilestoneCollectionViewCell.swift; sourceTree = "<group>"; };
		4F46D2492A1671BA0003AEDD /* MilestoneCollectionViewCell.xib */ = {isa = PBXFileReference; lastKnownFileType = file.xib; path = MilestoneCollectionViewCell.xib; sourceTree = "<group>"; };
		4F99BDBE2A17ECB6008AE8D1 /* UICollectionReusableView+Extension.swift */ = {isa = PBXFileReference; lastKnownFileType = sourcecode.swift; path = "UICollectionReusableView+Extension.swift"; sourceTree = "<group>"; };
		4FC1714D2A1C5BD40090D4B0 /* NibFactory.swift */ = {isa = PBXFileReference; lastKnownFileType = sourcecode.swift; path = NibFactory.swift; sourceTree = "<group>"; };
		4FC171522A1DBC210090D4B0 /* IssueListViewModel.swift */ = {isa = PBXFileReference; lastKnownFileType = sourcecode.swift; path = IssueListViewModel.swift; sourceTree = "<group>"; };
		4FC171552A1DBDC80090D4B0 /* IssueListViewModelable.swift */ = {isa = PBXFileReference; lastKnownFileType = sourcecode.swift; path = IssueListViewModelable.swift; sourceTree = "<group>"; };
		4FC171572A1DCA640090D4B0 /* LoadingStatus.swift */ = {isa = PBXFileReference; lastKnownFileType = sourcecode.swift; path = LoadingStatus.swift; sourceTree = "<group>"; };
		4FC1715A2A1DCF870090D4B0 /* IssueListUseCaseType.swift */ = {isa = PBXFileReference; lastKnownFileType = sourcecode.swift; path = IssueListUseCaseType.swift; sourceTree = "<group>"; };
		4FC1715E2A1DDBBA0090D4B0 /* IssueCollection.swift */ = {isa = PBXFileReference; lastKnownFileType = sourcecode.swift; path = IssueCollection.swift; sourceTree = "<group>"; };
		4FC1716A2A1DDF1B0090D4B0 /* Milestone.swift */ = {isa = PBXFileReference; lastKnownFileType = sourcecode.swift; path = Milestone.swift; sourceTree = "<group>"; };
		4FC171702A1DE4C00090D4B0 /* IssueTrackerTests.xctest */ = {isa = PBXFileReference; explicitFileType = wrapper.cfbundle; includeInIndex = 0; path = IssueTrackerTests.xctest; sourceTree = BUILT_PRODUCTS_DIR; };
		4FC1717E2A1DE5780090D4B0 /* IssueListViewModelTest.swift */ = {isa = PBXFileReference; lastKnownFileType = sourcecode.swift; path = IssueListViewModelTest.swift; sourceTree = "<group>"; };
		4FC171812A1DE62C0090D4B0 /* MockIssueListUseCase.swift */ = {isa = PBXFileReference; lastKnownFileType = sourcecode.swift; path = MockIssueListUseCase.swift; sourceTree = "<group>"; };
		4FC1718E2A1F284E0090D4B0 /* CompositionRoot.swift */ = {isa = PBXFileReference; lastKnownFileType = sourcecode.swift; path = CompositionRoot.swift; sourceTree = "<group>"; };
		4FC171932A1F2A2D0090D4B0 /* ViewControllerMakable.swift */ = {isa = PBXFileReference; lastKnownFileType = sourcecode.swift; path = ViewControllerMakable.swift; sourceTree = "<group>"; };
		4FC171972A1F2ECA0090D4B0 /* IssueListViewControllerFactory.swift */ = {isa = PBXFileReference; lastKnownFileType = sourcecode.swift; path = IssueListViewControllerFactory.swift; sourceTree = "<group>"; };
		4FC1719A2A1F2F9A0090D4B0 /* StoryBoardLiteral.swift */ = {isa = PBXFileReference; lastKnownFileType = sourcecode.swift; path = StoryBoardLiteral.swift; sourceTree = "<group>"; };
		4FC1719C2A1F51870090D4B0 /* StringLiteral.swift */ = {isa = PBXFileReference; lastKnownFileType = sourcecode.swift; path = StringLiteral.swift; sourceTree = "<group>"; };
		4FC5A20B2A1B68430001393B /* LabelTag.swift */ = {isa = PBXFileReference; fileEncoding = 4; lastKnownFileType = sourcecode.swift; path = LabelTag.swift; sourceTree = "<group>"; };
		4FC5A20F2A1DA3410001393B /* Rgb.swift */ = {isa = PBXFileReference; lastKnownFileType = sourcecode.swift; path = Rgb.swift; sourceTree = "<group>"; };
		4FC5A2112A1DA4FC0001393B /* HexConverter.swift */ = {isa = PBXFileReference; lastKnownFileType = sourcecode.swift; path = HexConverter.swift; sourceTree = "<group>"; };
		4FD5C9762A0C91890096F53D /* .swiftlint.yml */ = {isa = PBXFileReference; lastKnownFileType = text.yaml; path = .swiftlint.yml; sourceTree = "<group>"; };
		4FDA41CE2A16837B00340387 /* IssueListViewController.swift */ = {isa = PBXFileReference; lastKnownFileType = sourcecode.swift; path = IssueListViewController.swift; sourceTree = "<group>"; };
		4FDA41D02A16850500340387 /* Issue.storyboard */ = {isa = PBXFileReference; lastKnownFileType = file.storyboard; path = Issue.storyboard; sourceTree = "<group>"; };
		4FDCA38C2A20552A00AF282A /* main.swift */ = {isa = PBXFileReference; lastKnownFileType = sourcecode.swift; path = main.swift; sourceTree = "<group>"; };
		4FDCA3902A20559400AF282A /* AppDelegateTestDouble.swift */ = {isa = PBXFileReference; lastKnownFileType = sourcecode.swift; path = AppDelegateTestDouble.swift; sourceTree = "<group>"; };
		4FDCA3922A2055FB00AF282A /* AppDelegateTests.swift */ = {isa = PBXFileReference; lastKnownFileType = sourcecode.swift; path = AppDelegateTests.swift; sourceTree = "<group>"; };
		4FDCA3952A20584100AF282A /* AppDependency.swift */ = {isa = PBXFileReference; lastKnownFileType = sourcecode.swift; path = AppDependency.swift; sourceTree = "<group>"; };
		4FF650C22A0D6A3800A9B220 /* ColorStyle.swift */ = {isa = PBXFileReference; lastKnownFileType = sourcecode.swift; path = ColorStyle.swift; sourceTree = "<group>"; };
		4FF650C62A0D702900A9B220 /* ComponentStyle.swift */ = {isa = PBXFileReference; lastKnownFileType = sourcecode.swift; path = ComponentStyle.swift; sourceTree = "<group>"; };
		4FF650C82A0DDA0700A9B220 /* ImageMapper.swift */ = {isa = PBXFileReference; lastKnownFileType = sourcecode.swift; path = ImageMapper.swift; sourceTree = "<group>"; };
		4FFC81732A0D51D0008C2575 /* FontStyle.swift */ = {isa = PBXFileReference; lastKnownFileType = sourcecode.swift; path = FontStyle.swift; sourceTree = "<group>"; };
/* End PBXFileReference section */

/* Begin PBXFrameworksBuildPhase section */
		4F3819EF2A0BA1320046B94D /* Frameworks */ = {
			isa = PBXFrameworksBuildPhase;
			buildActionMask = 2147483647;
			files = (
			);
			runOnlyForDeploymentPostprocessing = 0;
		};
		4FC1716D2A1DE4C00090D4B0 /* Frameworks */ = {
			isa = PBXFrameworksBuildPhase;
			buildActionMask = 2147483647;
			files = (
			);
			runOnlyForDeploymentPostprocessing = 0;
		};
/* End PBXFrameworksBuildPhase section */

/* Begin PBXGroup section */
		4F021B2C2A1753F900595114 /* Domain */ = {
			isa = PBXGroup;
			children = (
				4F021B2D2A17540100595114 /* UseCase */,
			);
			path = Domain;
			sourceTree = "<group>";
		};
		4F021B2D2A17540100595114 /* UseCase */ = {
			isa = PBXGroup;
			children = (
				4FC171662A1DDE550090D4B0 /* Milestone */,
				4F021B322A17543D00595114 /* Common */,
				4F021B2E2A17540500595114 /* Issue */,
			);
			path = UseCase;
			sourceTree = "<group>";
		};
		4F021B2E2A17540500595114 /* Issue */ = {
			isa = PBXGroup;
			children = (
				4FC171592A1DCF6F0090D4B0 /* Protocol */,
				4F021B2F2A17540C00595114 /* Entity */,
			);
			path = Issue;
			sourceTree = "<group>";
		};
		4F021B2F2A17540C00595114 /* Entity */ = {
			isa = PBXGroup;
			children = (
				4F021B342A17544B00595114 /* Issue.swift */,
				4FC1715E2A1DDBBA0090D4B0 /* IssueCollection.swift */,
			);
			path = Entity;
			sourceTree = "<group>";
		};
		4F021B322A17543D00595114 /* Common */ = {
			isa = PBXGroup;
			children = (
				4F021B332A17544000595114 /* Entity */,
			);
			path = Common;
			sourceTree = "<group>";
		};
		4F021B332A17544000595114 /* Entity */ = {
			isa = PBXGroup;
			children = (
				4F021B382A1754F700595114 /* User.swift */,
			);
			path = Entity;
			sourceTree = "<group>";
		};
		4F3819E92A0BA1320046B94D = {
			isa = PBXGroup;
			children = (
				4FD5C9762A0C91890096F53D /* .swiftlint.yml */,
				4F3819F42A0BA1320046B94D /* IssueTracker */,
				4FC171712A1DE4C00090D4B0 /* IssueTrackerTests */,
				4F3819F32A0BA1320046B94D /* Products */,
			);
			sourceTree = "<group>";
		};
		4F3819F32A0BA1320046B94D /* Products */ = {
			isa = PBXGroup;
			children = (
				4F3819F22A0BA1320046B94D /* IssueTracker.app */,
				4FC171702A1DE4C00090D4B0 /* IssueTrackerTests.xctest */,
			);
			name = Products;
			sourceTree = "<group>";
		};
		4F3819F42A0BA1320046B94D /* IssueTracker */ = {
			isa = PBXGroup;
			children = (
				4FFC81702A0D51B1008C2575 /* Global */,
				4F381A0D2A0BBB740046B94D /* Resource */,
				4F021B2C2A1753F900595114 /* Domain */,
				4F381A0A2A0BBB320046B94D /* Presentation */,
				4F381A092A0BB9E80046B94D /* Application */,
			);
			path = IssueTracker;
			sourceTree = "<group>";
		};
		4F381A092A0BB9E80046B94D /* Application */ = {
			isa = PBXGroup;
			children = (
				4FDCA38C2A20552A00AF282A /* main.swift */,
				4F3819F52A0BA1320046B94D /* AppDelegate.swift */,
				4FC1718E2A1F284E0090D4B0 /* CompositionRoot.swift */,
				4FDCA3952A20584100AF282A /* AppDependency.swift */,
			);
			path = Application;
			sourceTree = "<group>";
		};
		4F381A0A2A0BBB320046B94D /* Presentation */ = {
			isa = PBXGroup;
			children = (
				4F46D22C2A1670250003AEDD /* Milestone */,
				4F46D22B2A1670180003AEDD /* Label */,
				4F46D22A2A1670110003AEDD /* Issue */,
				4FFC81572A0C80F5008C2575 /* Common */,
				4F381A0B2A0BBB3A0046B94D /* Launch */,
			);
			path = Presentation;
			sourceTree = "<group>";
		};
		4F381A0B2A0BBB3A0046B94D /* Launch */ = {
			isa = PBXGroup;
			children = (
				4F381A0C2A0BBB3D0046B94D /* View */,
			);
			path = Launch;
			sourceTree = "<group>";
		};
		4F381A0C2A0BBB3D0046B94D /* View */ = {
			isa = PBXGroup;
			children = (
				4F381A002A0BA1350046B94D /* LaunchScreen.storyboard */,
			);
			path = View;
			sourceTree = "<group>";
		};
		4F381A0D2A0BBB740046B94D /* Resource */ = {
			isa = PBXGroup;
			children = (
				4F381A032A0BA1350046B94D /* Info.plist */,
				4F3819FE2A0BA1350046B94D /* Assets.xcassets */,
			);
			path = Resource;
			sourceTree = "<group>";
		};
		4F46D22A2A1670110003AEDD /* Issue */ = {
			isa = PBXGroup;
			children = (
				4FC171542A1DBCD60090D4B0 /* Protocol */,
				4FC171512A1DBC170090D4B0 /* ViewModel */,
				4F99BDB92A17EAC7008AE8D1 /* ViewController */,
				4F46D2332A16706D0003AEDD /* View */,
			);
			path = Issue;
			sourceTree = "<group>";
		};
		4F46D22B2A1670180003AEDD /* Label */ = {
			isa = PBXGroup;
			children = (
				4F46D2302A16704D0003AEDD /* View */,
			);
			path = Label;
			sourceTree = "<group>";
		};
		4F46D22C2A1670250003AEDD /* Milestone */ = {
			isa = PBXGroup;
			children = (
				4F46D22E2A1670370003AEDD /* View */,
			);
			path = Milestone;
			sourceTree = "<group>";
		};
		4F46D22E2A1670370003AEDD /* View */ = {
			isa = PBXGroup;
			children = (
				4F46D2482A1671BA0003AEDD /* MilestoneCollectionViewCell.swift */,
				4F46D2492A1671BA0003AEDD /* MilestoneCollectionViewCell.xib */,
			);
			path = View;
			sourceTree = "<group>";
		};
		4F46D2302A16704D0003AEDD /* View */ = {
			isa = PBXGroup;
			children = (
				4F46D2442A16719A0003AEDD /* LabelCollectionViewCell.swift */,
				4F46D2452A16719A0003AEDD /* LabelCollectionViewCell.xib */,
			);
			path = View;
			sourceTree = "<group>";
		};
		4F46D2332A16706D0003AEDD /* View */ = {
			isa = PBXGroup;
			children = (
				4FDA41D02A16850500340387 /* Issue.storyboard */,
				4F46D2392A1671590003AEDD /* IssueListCollectionViewCell.xib */,
				4F46D2412A16717A0003AEDD /* IssueCommentCollectionViewCell.xib */,
				4F46D23D2A16716C0003AEDD /* IssueHeaderCollectionViewCell.xib */,
				4F46D2382A1671590003AEDD /* IssueListCollectionViewCell.swift */,
				4F46D23C2A16716C0003AEDD /* IssueHeaderCollectionViewCell.swift */,
				4F46D2402A16717A0003AEDD /* IssueCommentCollectionViewCell.swift */,
				4FC5A20B2A1B68430001393B /* LabelTag.swift */,
				4FC5A2112A1DA4FC0001393B /* HexConverter.swift */,
				4F021B2A2A174EB300595114 /* IssueListView.swift */,
			);
			path = View;
			sourceTree = "<group>";
		};
		4F99BDB92A17EAC7008AE8D1 /* ViewController */ = {
			isa = PBXGroup;
			children = (
				4FDA41CE2A16837B00340387 /* IssueListViewController.swift */,
			);
			path = ViewController;
			sourceTree = "<group>";
		};
		4FC1714B2A1C5B840090D4B0 /* Util */ = {
			isa = PBXGroup;
			children = (
				4FC1714C2A1C5B8B0090D4B0 /* Factory */,
			);
			path = Util;
			sourceTree = "<group>";
		};
		4FC1714C2A1C5B8B0090D4B0 /* Factory */ = {
			isa = PBXGroup;
			children = (
				4FC171922A1F2A0F0090D4B0 /* Protocol */,
				4FC1714D2A1C5BD40090D4B0 /* NibFactory.swift */,
				4FC171972A1F2ECA0090D4B0 /* IssueListViewControllerFactory.swift */,
			);
			path = Factory;
			sourceTree = "<group>";
		};
		4FC171512A1DBC170090D4B0 /* ViewModel */ = {
			isa = PBXGroup;
			children = (
				4FC171522A1DBC210090D4B0 /* IssueListViewModel.swift */,
			);
			path = ViewModel;
			sourceTree = "<group>";
		};
		4FC171542A1DBCD60090D4B0 /* Protocol */ = {
			isa = PBXGroup;
			children = (
				4FC171552A1DBDC80090D4B0 /* IssueListViewModelable.swift */,
			);
			path = Protocol;
			sourceTree = "<group>";
		};
		4FC171592A1DCF6F0090D4B0 /* Protocol */ = {
			isa = PBXGroup;
			children = (
				4FC1715A2A1DCF870090D4B0 /* IssueListUseCaseType.swift */,
			);
			path = Protocol;
			sourceTree = "<group>";
		};
		4FC171662A1DDE550090D4B0 /* Milestone */ = {
			isa = PBXGroup;
			children = (
				4FC171672A1DDE5B0090D4B0 /* Entity */,
			);
			path = Milestone;
			sourceTree = "<group>";
		};
		4FC171672A1DDE5B0090D4B0 /* Entity */ = {
			isa = PBXGroup;
			children = (
				4FC1716A2A1DDF1B0090D4B0 /* Milestone.swift */,
			);
			path = Entity;
			sourceTree = "<group>";
		};
		4FC171712A1DE4C00090D4B0 /* IssueTrackerTests */ = {
			isa = PBXGroup;
			children = (
				4FDCA38E2A20554F00AF282A /* IssueTrackerAppDelegateTests */,
				4FC171792A1DE4FD0090D4B0 /* IssueTrackerViewModelTests */,
			);
			path = IssueTrackerTests;
			sourceTree = "<group>";
		};
		4FC171792A1DE4FD0090D4B0 /* IssueTrackerViewModelTests */ = {
			isa = PBXGroup;
			children = (
				4FC1717A2A1DE5050090D4B0 /* Issue */,
			);
			path = IssueTrackerViewModelTests;
			sourceTree = "<group>";
		};
		4FC1717A2A1DE5050090D4B0 /* Issue */ = {
			isa = PBXGroup;
			children = (
				4FC1717B2A1DE5250090D4B0 /* Mock */,
				4FC1717E2A1DE5780090D4B0 /* IssueListViewModelTest.swift */,
			);
			path = Issue;
			sourceTree = "<group>";
		};
		4FC1717B2A1DE5250090D4B0 /* Mock */ = {
			isa = PBXGroup;
			children = (
				4FC171812A1DE62C0090D4B0 /* MockIssueListUseCase.swift */,
			);
			path = Mock;
			sourceTree = "<group>";
		};
		4FC171922A1F2A0F0090D4B0 /* Protocol */ = {
			isa = PBXGroup;
			children = (
				4FC171932A1F2A2D0090D4B0 /* ViewControllerMakable.swift */,
			);
			path = Protocol;
			sourceTree = "<group>";
		};
		4FDA41D22A1695CC00340387 /* Extension */ = {
			isa = PBXGroup;
			children = (
				4F99BDBE2A17ECB6008AE8D1 /* UICollectionReusableView+Extension.swift */,
			);
			path = Extension;
			sourceTree = "<group>";
		};
		4FDCA38E2A20554F00AF282A /* IssueTrackerAppDelegateTests */ = {
			isa = PBXGroup;
			children = (
				4FDCA38F2A20556B00AF282A /* TestDouble */,
				4FDCA3922A2055FB00AF282A /* AppDelegateTests.swift */,
			);
			path = IssueTrackerAppDelegateTests;
			sourceTree = "<group>";
		};
		4FDCA38F2A20556B00AF282A /* TestDouble */ = {
			isa = PBXGroup;
			children = (
				4FDCA3902A20559400AF282A /* AppDelegateTestDouble.swift */,
			);
			path = TestDouble;
			sourceTree = "<group>";
		};
		4FFC81572A0C80F5008C2575 /* Common */ = {
			isa = PBXGroup;
			children = (
				4FFC815A2A0C816B008C2575 /* ViewController */,
			);
			path = Common;
			sourceTree = "<group>";
		};
		4FFC815A2A0C816B008C2575 /* ViewController */ = {
			isa = PBXGroup;
			children = (
				4F3819F92A0BA1320046B94D /* IssueTrackerTabBarController.swift */,
			);
			path = ViewController;
			sourceTree = "<group>";
		};
		4FFC81702A0D51B1008C2575 /* Global */ = {
			isa = PBXGroup;
			children = (
				4FC1714B2A1C5B840090D4B0 /* Util */,
				4FDA41D22A1695CC00340387 /* Extension */,
				4FFC81712A0D51B8008C2575 /* Literal */,
			);
			path = Global;
			sourceTree = "<group>";
		};
		4FFC81712A0D51B8008C2575 /* Literal */ = {
			isa = PBXGroup;
			children = (
				4FFC81732A0D51D0008C2575 /* FontStyle.swift */,
				4FF650C62A0D702900A9B220 /* ComponentStyle.swift */,
				4FF650C82A0DDA0700A9B220 /* ImageMapper.swift */,
				4FF650C22A0D6A3800A9B220 /* ColorStyle.swift */,
				4FC5A20F2A1DA3410001393B /* Rgb.swift */,
				4FC171572A1DCA640090D4B0 /* LoadingStatus.swift */,
				4FC1719A2A1F2F9A0090D4B0 /* StoryBoardLiteral.swift */,
				4FC1719C2A1F51870090D4B0 /* StringLiteral.swift */,
			);
			path = Literal;
			sourceTree = "<group>";
		};
/* End PBXGroup section */

/* Begin PBXNativeTarget section */
		4F3819F12A0BA1320046B94D /* IssueTracker */ = {
			isa = PBXNativeTarget;
			buildConfigurationList = 4F381A062A0BA1350046B94D /* Build configuration list for PBXNativeTarget "IssueTracker" */;
			buildPhases = (
				4FD5C9732A0C8FD60096F53D /* SwiftLint Script */,
				4F3819EE2A0BA1320046B94D /* Sources */,
				4F3819EF2A0BA1320046B94D /* Frameworks */,
				4F3819F02A0BA1320046B94D /* Resources */,
			);
			buildRules = (
			);
			dependencies = (
			);
			name = IssueTracker;
			packageProductDependencies = (
			);
			productName = IssueTracker;
			productReference = 4F3819F22A0BA1320046B94D /* IssueTracker.app */;
			productType = "com.apple.product-type.application";
		};
		4FC1716F2A1DE4C00090D4B0 /* IssueTrackerTests */ = {
			isa = PBXNativeTarget;
			buildConfigurationList = 4FC171762A1DE4C00090D4B0 /* Build configuration list for PBXNativeTarget "IssueTrackerTests" */;
			buildPhases = (
				4FC1716C2A1DE4C00090D4B0 /* Sources */,
				4FC1716D2A1DE4C00090D4B0 /* Frameworks */,
				4FC1716E2A1DE4C00090D4B0 /* Resources */,
			);
			buildRules = (
			);
			dependencies = (
				4FC171752A1DE4C00090D4B0 /* PBXTargetDependency */,
			);
			name = IssueTrackerTests;
			productName = IssueTrackerTests;
			productReference = 4FC171702A1DE4C00090D4B0 /* IssueTrackerTests.xctest */;
			productType = "com.apple.product-type.bundle.unit-test";
		};
/* End PBXNativeTarget section */

/* Begin PBXProject section */
		4F3819EA2A0BA1320046B94D /* Project object */ = {
			isa = PBXProject;
			attributes = {
				BuildIndependentTargetsInParallel = 1;
				LastSwiftUpdateCheck = 1420;
				LastUpgradeCheck = 1420;
				TargetAttributes = {
					4F3819F12A0BA1320046B94D = {
						CreatedOnToolsVersion = 14.2;
					};
					4FC1716F2A1DE4C00090D4B0 = {
						CreatedOnToolsVersion = 14.2;
						LastSwiftMigration = 1420;
						TestTargetID = 4F3819F12A0BA1320046B94D;
					};
				};
			};
			buildConfigurationList = 4F3819ED2A0BA1320046B94D /* Build configuration list for PBXProject "IssueTracker" */;
			compatibilityVersion = "Xcode 14.0";
			developmentRegion = en;
			hasScannedForEncodings = 0;
			knownRegions = (
				en,
				Base,
			);
			mainGroup = 4F3819E92A0BA1320046B94D;
			packageReferences = (
			);
			productRefGroup = 4F3819F32A0BA1320046B94D /* Products */;
			projectDirPath = "";
			projectRoot = "";
			targets = (
				4F3819F12A0BA1320046B94D /* IssueTracker */,
				4FC1716F2A1DE4C00090D4B0 /* IssueTrackerTests */,
			);
		};
/* End PBXProject section */

/* Begin PBXResourcesBuildPhase section */
		4F3819F02A0BA1320046B94D /* Resources */ = {
			isa = PBXResourcesBuildPhase;
			buildActionMask = 2147483647;
			files = (
				4F46D24B2A1671BA0003AEDD /* MilestoneCollectionViewCell.xib in Resources */,
				4FD5C9772A0C91890096F53D /* .swiftlint.yml in Resources */,
				4F381A022A0BA1350046B94D /* LaunchScreen.storyboard in Resources */,
				4F46D23B2A1671590003AEDD /* IssueListCollectionViewCell.xib in Resources */,
				4F46D2472A16719A0003AEDD /* LabelCollectionViewCell.xib in Resources */,
				4F46D23F2A16716C0003AEDD /* IssueHeaderCollectionViewCell.xib in Resources */,
				4FDA41D12A16850500340387 /* Issue.storyboard in Resources */,
				4F3819FF2A0BA1350046B94D /* Assets.xcassets in Resources */,
				4F46D2432A16717A0003AEDD /* IssueCommentCollectionViewCell.xib in Resources */,
			);
			runOnlyForDeploymentPostprocessing = 0;
		};
		4FC1716E2A1DE4C00090D4B0 /* Resources */ = {
			isa = PBXResourcesBuildPhase;
			buildActionMask = 2147483647;
			files = (
			);
			runOnlyForDeploymentPostprocessing = 0;
		};
/* End PBXResourcesBuildPhase section */

/* Begin PBXShellScriptBuildPhase section */
		4FD5C9732A0C8FD60096F53D /* SwiftLint Script */ = {
			isa = PBXShellScriptBuildPhase;
			alwaysOutOfDate = 1;
			buildActionMask = 2147483647;
			files = (
			);
			inputFileListPaths = (
			);
			inputPaths = (
			);
			name = "SwiftLint Script";
			outputFileListPaths = (
			);
			outputPaths = (
			);
			runOnlyForDeploymentPostprocessing = 0;
			shellPath = /bin/sh;
			shellScript = "if test -d \"/opt/homebrew/bin/\"; then\n  PATH=\"/opt/homebrew/bin/:${PATH}\"\nfi\n\nexport PATH\n\nif which swiftlint >/dev/null; then\n  swiftlint\nelse\n  echo \"warning: SwiftLint not installed, download from https://github.com/realm/SwiftLint\"\nfi\n";
		};
/* End PBXShellScriptBuildPhase section */

/* Begin PBXSourcesBuildPhase section */
		4F3819EE2A0BA1320046B94D /* Sources */ = {
			isa = PBXSourcesBuildPhase;
			buildActionMask = 2147483647;
			files = (
				4F021B2B2A174EB300595114 /* IssueListView.swift in Sources */,
				4F46D23A2A1671590003AEDD /* IssueListCollectionViewCell.swift in Sources */,
				4FF650C92A0DDA0700A9B220 /* ImageMapper.swift in Sources */,
				4F46D2422A16717A0003AEDD /* IssueCommentCollectionViewCell.swift in Sources */,
				4F3819FA2A0BA1320046B94D /* IssueTrackerTabBarController.swift in Sources */,
				4F3819F62A0BA1320046B94D /* AppDelegate.swift in Sources */,
				4FC1715B2A1DCF870090D4B0 /* IssueListUseCaseType.swift in Sources */,
				4FC1714E2A1C5BD40090D4B0 /* NibFactory.swift in Sources */,
				4FC171992A1F2F160090D4B0 /* MockIssueListUseCase.swift in Sources */,
				4FC1718F2A1F284E0090D4B0 /* CompositionRoot.swift in Sources */,
				4FC171532A1DBC210090D4B0 /* IssueListViewModel.swift in Sources */,
				4FC171942A1F2A2D0090D4B0 /* ViewControllerMakable.swift in Sources */,
				4FC171562A1DBDC80090D4B0 /* IssueListViewModelable.swift in Sources */,
				4FC171582A1DCA640090D4B0 /* LoadingStatus.swift in Sources */,
				4FF650C72A0D702900A9B220 /* ComponentStyle.swift in Sources */,
				4FFC81742A0D51D0008C2575 /* FontStyle.swift in Sources */,
				4F46D23E2A16716C0003AEDD /* IssueHeaderCollectionViewCell.swift in Sources */,
				4FC5A2102A1DA3410001393B /* Rgb.swift in Sources */,
				4FC1719D2A1F51870090D4B0 /* StringLiteral.swift in Sources */,
				4F46D24A2A1671BA0003AEDD /* MilestoneCollectionViewCell.swift in Sources */,
				4FC5A20C2A1B68430001393B /* LabelTag.swift in Sources */,
				4FC1719B2A1F2F9A0090D4B0 /* StoryBoardLiteral.swift in Sources */,
				4FF650C32A0D6A3800A9B220 /* ColorStyle.swift in Sources */,
				4FC5A2122A1DA4FC0001393B /* HexConverter.swift in Sources */,
				4FC1715F2A1DDBBA0090D4B0 /* IssueCollection.swift in Sources */,
				4F99BDBF2A17ECB6008AE8D1 /* UICollectionReusableView+Extension.swift in Sources */,
				4F021B392A1754F700595114 /* User.swift in Sources */,
				4FC171982A1F2ECA0090D4B0 /* IssueListViewControllerFactory.swift in Sources */,
				4F46D2462A16719A0003AEDD /* LabelCollectionViewCell.swift in Sources */,
				4FDCA38D2A20552A00AF282A /* main.swift in Sources */,
				4FDCA3962A20584100AF282A /* AppDependency.swift in Sources */,
				4FDA41CF2A16837B00340387 /* IssueListViewController.swift in Sources */,
				4FC1716B2A1DDF1B0090D4B0 /* Milestone.swift in Sources */,
				4F021B352A17544B00595114 /* Issue.swift in Sources */,
			);
			runOnlyForDeploymentPostprocessing = 0;
		};
		4FC1716C2A1DE4C00090D4B0 /* Sources */ = {
			isa = PBXSourcesBuildPhase;
			buildActionMask = 2147483647;
			files = (
				4FDCA39D2A205A7B00AF282A /* ImageMapper.swift in Sources */,
				4FC171802A1DE5BE0090D4B0 /* IssueListViewModel.swift in Sources */,
				4FC171832A1DE6540090D4B0 /* IssueListUseCaseType.swift in Sources */,
				4FDCA3A22A205AC000AF282A /* NibFactory.swift in Sources */,
				4FDCA3A42A205AD500AF282A /* UICollectionReusableView+Extension.swift in Sources */,
				4FC1717F2A1DE5780090D4B0 /* IssueListViewModelTest.swift in Sources */,
				4FDCA3A52A205AE100AF282A /* FontStyle.swift in Sources */,
				4FDCA39C2A205A7300AF282A /* StoryBoardLiteral.swift in Sources */,
				4FC171822A1DE62C0090D4B0 /* MockIssueListUseCase.swift in Sources */,
				4FDCA3A12A205AB600AF282A /* IssueListView.swift in Sources */,
				4FDCA3A32A205ACB00AF282A /* IssueListCollectionViewCell.swift in Sources */,
				4FDCA3A02A205AAC00AF282A /* IssueListViewController.swift in Sources */,
				4FDCA39B2A205A6E00AF282A /* ViewControllerMakable.swift in Sources */,
				4FDCA3932A2055FB00AF282A /* AppDelegateTests.swift in Sources */,
				4FC171872A1DE67A0090D4B0 /* User.swift in Sources */,
				4FDCA3972A20584E00AF282A /* AppDependency.swift in Sources */,
				4FDCA39A2A205A5200AF282A /* IssueListViewControllerFactory.swift in Sources */,
				4FDCA3982A205A2900AF282A /* CompositionRoot.swift in Sources */,
				4FDCA39F2A205AA300AF282A /* StringLiteral.swift in Sources */,
				4FC171842A1DE6620090D4B0 /* IssueCollection.swift in Sources */,
				4FC171892A1DFABF0090D4B0 /* LoadingStatus.swift in Sources */,
				4FDCA3992A205A4800AF282A /* IssueTrackerTabBarController.swift in Sources */,
				4FDCA3942A20580500AF282A /* AppDelegate.swift in Sources */,
				4FC171882A1DF22E0090D4B0 /* IssueListViewModelable.swift in Sources */,
				4FC171852A1DE66C0090D4B0 /* Issue.swift in Sources */,
				4FDCA39E2A205A8700AF282A /* ColorStyle.swift in Sources */,
				4FC171862A1DE6750090D4B0 /* Milestone.swift in Sources */,
				4FDCA3912A20559400AF282A /* AppDelegateTestDouble.swift in Sources */,
			);
			runOnlyForDeploymentPostprocessing = 0;
		};
/* End PBXSourcesBuildPhase section */

/* Begin PBXTargetDependency section */
		4FC171752A1DE4C00090D4B0 /* PBXTargetDependency */ = {
			isa = PBXTargetDependency;
			target = 4F3819F12A0BA1320046B94D /* IssueTracker */;
			targetProxy = 4FC171742A1DE4C00090D4B0 /* PBXContainerItemProxy */;
		};
/* End PBXTargetDependency section */

/* Begin PBXVariantGroup section */
		4F381A002A0BA1350046B94D /* LaunchScreen.storyboard */ = {
			isa = PBXVariantGroup;
			children = (
				4F381A012A0BA1350046B94D /* Base */,
			);
			name = LaunchScreen.storyboard;
			sourceTree = "<group>";
		};
/* End PBXVariantGroup section */

/* Begin XCBuildConfiguration section */
		4F381A042A0BA1350046B94D /* Debug */ = {
			isa = XCBuildConfiguration;
			buildSettings = {
				ALWAYS_SEARCH_USER_PATHS = NO;
				CLANG_ANALYZER_NONNULL = YES;
				CLANG_ANALYZER_NUMBER_OBJECT_CONVERSION = YES_AGGRESSIVE;
				CLANG_CXX_LANGUAGE_STANDARD = "gnu++20";
				CLANG_ENABLE_MODULES = YES;
				CLANG_ENABLE_OBJC_ARC = YES;
				CLANG_ENABLE_OBJC_WEAK = YES;
				CLANG_WARN_BLOCK_CAPTURE_AUTORELEASING = YES;
				CLANG_WARN_BOOL_CONVERSION = YES;
				CLANG_WARN_COMMA = YES;
				CLANG_WARN_CONSTANT_CONVERSION = YES;
				CLANG_WARN_DEPRECATED_OBJC_IMPLEMENTATIONS = YES;
				CLANG_WARN_DIRECT_OBJC_ISA_USAGE = YES_ERROR;
				CLANG_WARN_DOCUMENTATION_COMMENTS = YES;
				CLANG_WARN_EMPTY_BODY = YES;
				CLANG_WARN_ENUM_CONVERSION = YES;
				CLANG_WARN_INFINITE_RECURSION = YES;
				CLANG_WARN_INT_CONVERSION = YES;
				CLANG_WARN_NON_LITERAL_NULL_CONVERSION = YES;
				CLANG_WARN_OBJC_IMPLICIT_RETAIN_SELF = YES;
				CLANG_WARN_OBJC_LITERAL_CONVERSION = YES;
				CLANG_WARN_OBJC_ROOT_CLASS = YES_ERROR;
				CLANG_WARN_QUOTED_INCLUDE_IN_FRAMEWORK_HEADER = YES;
				CLANG_WARN_RANGE_LOOP_ANALYSIS = YES;
				CLANG_WARN_STRICT_PROTOTYPES = YES;
				CLANG_WARN_SUSPICIOUS_MOVE = YES;
				CLANG_WARN_UNGUARDED_AVAILABILITY = YES_AGGRESSIVE;
				CLANG_WARN_UNREACHABLE_CODE = YES;
				CLANG_WARN__DUPLICATE_METHOD_MATCH = YES;
				COPY_PHASE_STRIP = NO;
				DEBUG_INFORMATION_FORMAT = dwarf;
				ENABLE_STRICT_OBJC_MSGSEND = YES;
				ENABLE_TESTABILITY = YES;
				GCC_C_LANGUAGE_STANDARD = gnu11;
				GCC_DYNAMIC_NO_PIC = NO;
				GCC_NO_COMMON_BLOCKS = YES;
				GCC_OPTIMIZATION_LEVEL = 0;
				GCC_PREPROCESSOR_DEFINITIONS = (
					"DEBUG=1",
					"$(inherited)",
				);
				GCC_WARN_64_TO_32_BIT_CONVERSION = YES;
				GCC_WARN_ABOUT_RETURN_TYPE = YES_ERROR;
				GCC_WARN_UNDECLARED_SELECTOR = YES;
				GCC_WARN_UNINITIALIZED_AUTOS = YES_AGGRESSIVE;
				GCC_WARN_UNUSED_FUNCTION = YES;
				GCC_WARN_UNUSED_VARIABLE = YES;
				IPHONEOS_DEPLOYMENT_TARGET = 16.2;
				MTL_ENABLE_DEBUG_INFO = INCLUDE_SOURCE;
				MTL_FAST_MATH = YES;
				ONLY_ACTIVE_ARCH = YES;
				SDKROOT = iphoneos;
				SWIFT_ACTIVE_COMPILATION_CONDITIONS = DEBUG;
				SWIFT_OPTIMIZATION_LEVEL = "-Onone";
			};
			name = Debug;
		};
		4F381A052A0BA1350046B94D /* Release */ = {
			isa = XCBuildConfiguration;
			buildSettings = {
				ALWAYS_SEARCH_USER_PATHS = NO;
				CLANG_ANALYZER_NONNULL = YES;
				CLANG_ANALYZER_NUMBER_OBJECT_CONVERSION = YES_AGGRESSIVE;
				CLANG_CXX_LANGUAGE_STANDARD = "gnu++20";
				CLANG_ENABLE_MODULES = YES;
				CLANG_ENABLE_OBJC_ARC = YES;
				CLANG_ENABLE_OBJC_WEAK = YES;
				CLANG_WARN_BLOCK_CAPTURE_AUTORELEASING = YES;
				CLANG_WARN_BOOL_CONVERSION = YES;
				CLANG_WARN_COMMA = YES;
				CLANG_WARN_CONSTANT_CONVERSION = YES;
				CLANG_WARN_DEPRECATED_OBJC_IMPLEMENTATIONS = YES;
				CLANG_WARN_DIRECT_OBJC_ISA_USAGE = YES_ERROR;
				CLANG_WARN_DOCUMENTATION_COMMENTS = YES;
				CLANG_WARN_EMPTY_BODY = YES;
				CLANG_WARN_ENUM_CONVERSION = YES;
				CLANG_WARN_INFINITE_RECURSION = YES;
				CLANG_WARN_INT_CONVERSION = YES;
				CLANG_WARN_NON_LITERAL_NULL_CONVERSION = YES;
				CLANG_WARN_OBJC_IMPLICIT_RETAIN_SELF = YES;
				CLANG_WARN_OBJC_LITERAL_CONVERSION = YES;
				CLANG_WARN_OBJC_ROOT_CLASS = YES_ERROR;
				CLANG_WARN_QUOTED_INCLUDE_IN_FRAMEWORK_HEADER = YES;
				CLANG_WARN_RANGE_LOOP_ANALYSIS = YES;
				CLANG_WARN_STRICT_PROTOTYPES = YES;
				CLANG_WARN_SUSPICIOUS_MOVE = YES;
				CLANG_WARN_UNGUARDED_AVAILABILITY = YES_AGGRESSIVE;
				CLANG_WARN_UNREACHABLE_CODE = YES;
				CLANG_WARN__DUPLICATE_METHOD_MATCH = YES;
				COPY_PHASE_STRIP = NO;
				DEBUG_INFORMATION_FORMAT = "dwarf-with-dsym";
				ENABLE_NS_ASSERTIONS = NO;
				ENABLE_STRICT_OBJC_MSGSEND = YES;
				GCC_C_LANGUAGE_STANDARD = gnu11;
				GCC_NO_COMMON_BLOCKS = YES;
				GCC_WARN_64_TO_32_BIT_CONVERSION = YES;
				GCC_WARN_ABOUT_RETURN_TYPE = YES_ERROR;
				GCC_WARN_UNDECLARED_SELECTOR = YES;
				GCC_WARN_UNINITIALIZED_AUTOS = YES_AGGRESSIVE;
				GCC_WARN_UNUSED_FUNCTION = YES;
				GCC_WARN_UNUSED_VARIABLE = YES;
				IPHONEOS_DEPLOYMENT_TARGET = 16.2;
				MTL_ENABLE_DEBUG_INFO = NO;
				MTL_FAST_MATH = YES;
				SDKROOT = iphoneos;
				SWIFT_COMPILATION_MODE = wholemodule;
				SWIFT_OPTIMIZATION_LEVEL = "-O";
				VALIDATE_PRODUCT = YES;
			};
			name = Release;
		};
		4F381A072A0BA1350046B94D /* Debug */ = {
			isa = XCBuildConfiguration;
			buildSettings = {
				ASSETCATALOG_COMPILER_APPICON_NAME = AppIcon;
				ASSETCATALOG_COMPILER_GLOBAL_ACCENT_COLOR_NAME = AccentColor;
				CODE_SIGN_STYLE = Automatic;
				CURRENT_PROJECT_VERSION = 1;
				DEVELOPMENT_TEAM = B3PWYBKFUK;
				GENERATE_INFOPLIST_FILE = YES;
				INFOPLIST_FILE = IssueTracker/Resource/Info.plist;
				INFOPLIST_KEY_UIApplicationSupportsIndirectInputEvents = YES;
				INFOPLIST_KEY_UILaunchStoryboardName = LaunchScreen;
				INFOPLIST_KEY_UISupportedInterfaceOrientations_iPad = "UIInterfaceOrientationPortrait UIInterfaceOrientationPortraitUpsideDown UIInterfaceOrientationLandscapeLeft UIInterfaceOrientationLandscapeRight";
				INFOPLIST_KEY_UISupportedInterfaceOrientations_iPhone = "UIInterfaceOrientationPortrait UIInterfaceOrientationLandscapeLeft UIInterfaceOrientationLandscapeRight";
				LD_RUNPATH_SEARCH_PATHS = (
					"$(inherited)",
					"@executable_path/Frameworks",
				);
				MARKETING_VERSION = 1.0;
				PRODUCT_BUNDLE_IDENTIFIER = "kr.codesquad.2023-team04.IssueTracker";
				PRODUCT_NAME = "$(TARGET_NAME)";
				SWIFT_EMIT_LOC_STRINGS = YES;
				SWIFT_VERSION = 5.0;
				TARGETED_DEVICE_FAMILY = "1,2";
			};
			name = Debug;
		};
		4F381A082A0BA1350046B94D /* Release */ = {
			isa = XCBuildConfiguration;
			buildSettings = {
				ASSETCATALOG_COMPILER_APPICON_NAME = AppIcon;
				ASSETCATALOG_COMPILER_GLOBAL_ACCENT_COLOR_NAME = AccentColor;
				CODE_SIGN_STYLE = Automatic;
				CURRENT_PROJECT_VERSION = 1;
				DEVELOPMENT_TEAM = B3PWYBKFUK;
				GENERATE_INFOPLIST_FILE = YES;
				INFOPLIST_FILE = IssueTracker/Resource/Info.plist;
				INFOPLIST_KEY_UIApplicationSupportsIndirectInputEvents = YES;
				INFOPLIST_KEY_UILaunchStoryboardName = LaunchScreen;
				INFOPLIST_KEY_UISupportedInterfaceOrientations_iPad = "UIInterfaceOrientationPortrait UIInterfaceOrientationPortraitUpsideDown UIInterfaceOrientationLandscapeLeft UIInterfaceOrientationLandscapeRight";
				INFOPLIST_KEY_UISupportedInterfaceOrientations_iPhone = "UIInterfaceOrientationPortrait UIInterfaceOrientationLandscapeLeft UIInterfaceOrientationLandscapeRight";
				LD_RUNPATH_SEARCH_PATHS = (
					"$(inherited)",
					"@executable_path/Frameworks",
				);
				MARKETING_VERSION = 1.0;
				PRODUCT_BUNDLE_IDENTIFIER = "kr.codesquad.2023-team04.IssueTracker";
				PRODUCT_NAME = "$(TARGET_NAME)";
				SWIFT_EMIT_LOC_STRINGS = YES;
				SWIFT_VERSION = 5.0;
				TARGETED_DEVICE_FAMILY = "1,2";
			};
			name = Release;
		};
		4FC171772A1DE4C00090D4B0 /* Debug */ = {
			isa = XCBuildConfiguration;
			buildSettings = {
				BUNDLE_LOADER = "$(TEST_HOST)";
				CLANG_ENABLE_MODULES = YES;
				CODE_SIGN_STYLE = Automatic;
				CURRENT_PROJECT_VERSION = 1;
				DEVELOPMENT_TEAM = B3PWYBKFUK;
				GENERATE_INFOPLIST_FILE = YES;
				LD_RUNPATH_SEARCH_PATHS = (
					"$(inherited)",
					"@executable_path/Frameworks",
					"@loader_path/Frameworks",
				);
				MARKETING_VERSION = 1.0;
				PRODUCT_BUNDLE_IDENTIFIER = "kr.codesquad.2023-team04.IssueTracker.IssueTrackerTests";
				PRODUCT_NAME = "$(TARGET_NAME)";
				SWIFT_EMIT_LOC_STRINGS = NO;
				SWIFT_OPTIMIZATION_LEVEL = "-Onone";
				SWIFT_VERSION = 5.0;
				TARGETED_DEVICE_FAMILY = "1,2";
				TEST_HOST = "$(BUILT_PRODUCTS_DIR)/IssueTracker.app/$(BUNDLE_EXECUTABLE_FOLDER_PATH)/IssueTracker";
			};
			name = Debug;
		};
		4FC171782A1DE4C00090D4B0 /* Release */ = {
			isa = XCBuildConfiguration;
			buildSettings = {
				BUNDLE_LOADER = "$(TEST_HOST)";
				CLANG_ENABLE_MODULES = YES;
				CODE_SIGN_STYLE = Automatic;
				CURRENT_PROJECT_VERSION = 1;
				DEVELOPMENT_TEAM = B3PWYBKFUK;
				GENERATE_INFOPLIST_FILE = YES;
				LD_RUNPATH_SEARCH_PATHS = (
					"$(inherited)",
					"@executable_path/Frameworks",
					"@loader_path/Frameworks",
				);
				MARKETING_VERSION = 1.0;
				PRODUCT_BUNDLE_IDENTIFIER = "kr.codesquad.2023-team04.IssueTracker.IssueTrackerTests";
				PRODUCT_NAME = "$(TARGET_NAME)";
				SWIFT_EMIT_LOC_STRINGS = NO;
				SWIFT_VERSION = 5.0;
				TARGETED_DEVICE_FAMILY = "1,2";
				TEST_HOST = "$(BUILT_PRODUCTS_DIR)/IssueTracker.app/$(BUNDLE_EXECUTABLE_FOLDER_PATH)/IssueTracker";
			};
			name = Release;
		};
/* End XCBuildConfiguration section */

/* Begin XCConfigurationList section */
		4F3819ED2A0BA1320046B94D /* Build configuration list for PBXProject "IssueTracker" */ = {
			isa = XCConfigurationList;
			buildConfigurations = (
				4F381A042A0BA1350046B94D /* Debug */,
				4F381A052A0BA1350046B94D /* Release */,
			);
			defaultConfigurationIsVisible = 0;
			defaultConfigurationName = Release;
		};
		4F381A062A0BA1350046B94D /* Build configuration list for PBXNativeTarget "IssueTracker" */ = {
			isa = XCConfigurationList;
			buildConfigurations = (
				4F381A072A0BA1350046B94D /* Debug */,
				4F381A082A0BA1350046B94D /* Release */,
			);
			defaultConfigurationIsVisible = 0;
			defaultConfigurationName = Release;
		};
		4FC171762A1DE4C00090D4B0 /* Build configuration list for PBXNativeTarget "IssueTrackerTests" */ = {
			isa = XCConfigurationList;
			buildConfigurations = (
				4FC171772A1DE4C00090D4B0 /* Debug */,
				4FC171782A1DE4C00090D4B0 /* Release */,
			);
			defaultConfigurationIsVisible = 0;
			defaultConfigurationName = Release;
		};
/* End XCConfigurationList section */
	};
	rootObject = 4F3819EA2A0BA1320046B94D /* Project object */;
}
